
Microsoft Visual Studio Solution File, Format Version 12.00
# Visual Studio 2013
VisualStudioVersion = 12.0.21005.1
MinimumVisualStudioVersion = 10.0.40219.1
Project("{8D9C8A9D-5DED-4B64-BF65-B598BA549D93}") = "AssetManagerApp", "AssetManagerApp\AssetManagerApp.lsxproj", "{1056798D-081E-4B92-B3AF-5EB0B6D6A129}"
EndProject
Project("{FAE04EC0-301F-11D3-BF4B-00C04F79EFBC}") = "AssetManagerApp.Server", "AssetManagerApp\AssetManagerApp.Server\AssetManagerApp.Server.csproj", "{6700D5EB-09F2-4073-A2B9-7A8D0E392A3F}"
EndProject
Project("{262852C6-CD72-467D-83FE-5EEB1973A190}") = "AssetManagerApp.HTMLClient", "AssetManagerApp\AssetManagerApp.HTMLClient\AssetManagerApp.HTMLClient.jsproj", "{7AF08626-40B2-4F9F-97A0-202AEB98267F}"
EndProject
Project("{FAE04EC0-301F-11D3-BF4B-00C04F79EFBC}") = "AssetManagerApp.DesktopClient", "AssetManagerApp\AssetManagerApp.DesktopClient\AssetManagerApp.DesktopClient.csproj", "{288710F9-C887-47F7-9876-0AAF1B94A138}"
EndProject
Global
	GlobalSection(SolutionConfigurationPlatforms) = preSolution
		Debug|Any CPU = Debug|Any CPU
		Release|Any CPU = Release|Any CPU
	EndGlobalSection
	GlobalSection(ProjectConfigurationPlatforms) = postSolution
		{1056798D-081E-4B92-B3AF-5EB0B6D6A129}.Debug|Any CPU.ActiveCfg = Debug|Any CPU
		{1056798D-081E-4B92-B3AF-5EB0B6D6A129}.Debug|Any CPU.Build.0 = Debug|Any CPU
		{1056798D-081E-4B92-B3AF-5EB0B6D6A129}.Release|Any CPU.ActiveCfg = Release|Any CPU
		{1056798D-081E-4B92-B3AF-5EB0B6D6A129}.Release|Any CPU.Build.0 = Release|Any CPU
		{6700D5EB-09F2-4073-A2B9-7A8D0E392A3F}.Debug|Any CPU.ActiveCfg = Debug|Any CPU
		{6700D5EB-09F2-4073-A2B9-7A8D0E392A3F}.Debug|Any CPU.Build.0 = Debug|Any CPU
		{6700D5EB-09F2-4073-A2B9-7A8D0E392A3F}.Release|Any CPU.ActiveCfg = Release|Any CPU
		{6700D5EB-09F2-4073-A2B9-7A8D0E392A3F}.Release|Any CPU.Build.0 = Release|Any CPU
		{7AF08626-40B2-4F9F-97A0-202AEB98267F}.Debug|Any CPU.ActiveCfg = Debug|Any CPU
		{7AF08626-40B2-4F9F-97A0-202AEB98267F}.Debug|Any CPU.Build.0 = Debug|Any CPU
		{7AF08626-40B2-4F9F-97A0-202AEB98267F}.Release|Any CPU.ActiveCfg = Release|Any CPU
		{7AF08626-40B2-4F9F-97A0-202AEB98267F}.Release|Any CPU.Build.0 = Release|Any CPU
		{288710F9-C887-47F7-9876-0AAF1B94A138}.Debug|Any CPU.ActiveCfg = Debug|Any CPU
		{288710F9-C887-47F7-9876-0AAF1B94A138}.Debug|Any CPU.Build.0 = Debug|Any CPU
		{288710F9-C887-47F7-9876-0AAF1B94A138}.Release|Any CPU.ActiveCfg = Release|Any CPU
		{288710F9-C887-47F7-9876-0AAF1B94A138}.Release|Any CPU.Build.0 = Release|Any CPU
	EndGlobalSection
	GlobalSection(SolutionProperties) = preSolution
		HideSolutionNode = FALSE
	EndGlobalSection
EndGlobal
